
Microsoft Visual Studio Solution File, Format Version 12.00
# Visual Studio Version 16
VisualStudioVersion = 16.0.30717.126
MinimumVisualStudioVersion = 10.0.40219.1
Project("{FAE04EC0-301F-11D3-BF4B-00C04F79EFBC}") = "OOP_Louis-Philippe_Loeckx", "OOP_Louis-Philippe_Loeckx\OOP_Louis-Philippe_Loeckx.csproj", "{19C48A70-9F0C-427A-9DFA-6EA3350C7472}"
EndProject
Global
	GlobalSection(SolutionConfigurationPlatforms) = preSolution
		Debug|Any CPU = Debug|Any CPU
		Release|Any CPU = Release|Any CPU
	EndGlobalSection
	GlobalSection(ProjectConfigurationPlatforms) = postSolution
		{19C48A70-9F0C-427A-9DFA-6EA3350C7472}.Debug|Any CPU.ActiveCfg = Debug|Any CPU
		{19C48A70-9F0C-427A-9DFA-6EA3350C7472}.Debug|Any CPU.Build.0 = Debug|Any CPU
		{19C48A70-9F0C-427A-9DFA-6EA3350C7472}.Release|Any CPU.ActiveCfg = Release|Any CPU
		{19C48A70-9F0C-427A-9DFA-6EA3350C7472}.Release|Any CPU.Build.0 = Release|Any CPU
	EndGlobalSection
	GlobalSection(SolutionProperties) = preSolution
		HideSolutionNode = FALSE
	EndGlobalSection
	GlobalSection(ExtensibilityGlobals) = postSolution
		SolutionGuid = {38EB056A-16C9-4811-A874-2BDD53D7C248}
	EndGlobalSection
EndGlobal
